{
  "originHash" : "fbdec518f66720abc9cceef1ea36ee3229c4faa09fdcfd36f45e77839c989f98",
  "pins" : [
    {
      "identity" : "purchases-ios",
      "kind" : "remoteSourceControl",
      "location" : "https://github.com/RevenueCat/purchases-ios",
      "state" : {
        "revision" : "48601a7f742b05abcd9d9c7d3d768b97e800aa2c",
        "version" : "5.84.0"
      }
    }
  ],
  "version" : 3
}
